
Microsoft Visual Studio Solution File, Format Version 12.00
# Visual Studio Version 16
VisualStudioVersion = 16.0.31727.386
MinimumVisualStudioVersion = 10.0.40219.1
Project("{FAE04EC0-301F-11D3-BF4B-00C04F79EFBC}") = "OfficeTest01", "OfficeTest01\OfficeTest01.csproj", "{9CFD386C-2EF1-4697-B084-11326E32DEFC}"
EndProject
Project("{FAE04EC0-301F-11D3-BF4B-00C04F79EFBC}") = "UnitTestForOfficeTest1", "UnitTestForTest1\UnitTestForOfficeTest1.csproj", "{0F13E8CE-87F4-4857-B6ED-7B8FE0A80E1A}"
EndProject
Global
	GlobalSection(SolutionConfigurationPlatforms) = preSolution
		Debug|Any CPU = Debug|Any CPU
		Release|Any CPU = Release|Any CPU
	EndGlobalSection
	GlobalSection(ProjectConfigurationPlatforms) = postSolution
		{9CFD386C-2EF1-4697-B084-11326E32DEFC}.Debug|Any CPU.ActiveCfg = Debug|Any CPU
		{9CFD386C-2EF1-4697-B084-11326E32DEFC}.Debug|Any CPU.Build.0 = Debug|Any CPU
		{9CFD386C-2EF1-4697-B084-11326E32DEFC}.Release|Any CPU.ActiveCfg = Release|Any CPU
		{9CFD386C-2EF1-4697-B084-11326E32DEFC}.Release|Any CPU.Build.0 = Release|Any CPU
		{0F13E8CE-87F4-4857-B6ED-7B8FE0A80E1A}.Debug|Any CPU.ActiveCfg = Debug|Any CPU
		{0F13E8CE-87F4-4857-B6ED-7B8FE0A80E1A}.Debug|Any CPU.Build.0 = Debug|Any CPU
		{0F13E8CE-87F4-4857-B6ED-7B8FE0A80E1A}.Release|Any CPU.ActiveCfg = Release|Any CPU
		{0F13E8CE-87F4-4857-B6ED-7B8FE0A80E1A}.Release|Any CPU.Build.0 = Release|Any CPU
	EndGlobalSection
	GlobalSection(SolutionProperties) = preSolution
		HideSolutionNode = FALSE
	EndGlobalSection
	GlobalSection(ExtensibilityGlobals) = postSolution
		SolutionGuid = {F230BF28-FB30-4731-846E-7AC2CD159BD4}
	EndGlobalSection
EndGlobal
